cloud.google.com/go v0.26.0/go.mod h1:aQUYkXzVsufM+DwF1aE+0xfcU+56JwCaLick0ClmMTw=
github.com/BurntSushi/toml v0.3.1/go.mod h1:xHWCNGjB5oqiDr8zfno3MHue2Ht5sIBksp03qcyfWMU=
github.com/SHARANTANGEDA/gorl v1.0.0 h1:Zsn0/WHXClnXLS6chiNL/LkvonoeT0PK3UZM+97OQW4=
github.com/SHARANTANGEDA/gorl v1.0.0 h1:Zsn0/WHXClnXLS6chiNL/LkvonoeT0PK3UZM+97OQW4=
github.com/SHARANTANGEDA/gorl v1.0.0/go.mod h1:ydSqcPBezVYAudNTs20zujIz0MZ166rW4p/bqgpTweI=
github.com/SHARANTANGEDA/gorl v1.0.0/go.mod h1:ydSqcPBezVYAudNTs20zujIz0MZ166rW4p/bqgpTweI=
github.com/SHARANTANGEDA/mp-quic v1.5.2-a-1 h1:WttZPU6R2d6NFySBb9zYP2BGsEBDsu96ZGJGSM2V4Hw=
github.com/SHARANTANGEDA/mp-quic v1.5.2-a-1/go.mod h1:cKbFeAjk3lbnCb4limBBX+c/e8ldcRzP+3ut9bpf1RQ=
github.com/SHARANTANGEDA/mp-quic v1.5.2-alpha.0.20210320024339-8852e8249baf h1:qD/oEyDs9RCfpUTbQAzq5efWpT2EpN5GURXAp65mCpw=
github.com/SHARANTANGEDA/mp-quic v1.5.2-alpha.0.20210320024339-8852e8249baf/go.mod h1:cKbFeAjk3lbnCb4limBBX+c/e8ldcRzP+3ut9bpf1RQ=
github.com/SHARANTANGEDA/mp-quic v1.5.2-alpha.0.20210320030414-03456a12c16b h1:HTITmHRXCVANngWDLPqI/ui76bkbmjNnt8TMgTpaCLM=
github.com/SHARANTANGEDA/mp-quic v1.5.2-alpha.0.20210320030414-03456a12c16b/go.mod h1:cKbFeAjk3lbnCb4limBBX+c/e8ldcRzP+3ut9bpf1RQ=
github.com/SHARANTANGEDA/mp-quic v1.5.2-alpha.0.20210320031518-9cd5a72145e0 h1:Vo3xHRqDI8/CgiHJ/5qR+rUv1R303SHjwPNR7h2Sekg=
github.com/SHARANTANGEDA/mp-quic v1.5.2-alpha.0.20210320031518-9cd5a72145e0/go.mod h1:cKbFeAjk3lbnCb4limBBX+c/e8ldcRzP+3ut9bpf1RQ=
github.com/SHARANTANGEDA/mp-quic v1.5.2 h1:wDuuGLSAoGuSTc30+8fVZCFv3Dbi3LrQDY9/34Sl0dQ=
github.com/SHARANTANGEDA/mp-quic v1.5.2/go.mod h1:cKbFeAjk3lbnCb4limBBX+c/e8ldcRzP+3ut9bpf1RQ=
github.com/SHARANTANGEDA/mp-quic v1.5.3-0.20210327132555-1fa9522fc890 h1:6p2DuB3TKyCORP/a0FaovJ/ZQXfvnk0OEb908LlFVtY=
github.com/SHARANTANGEDA/mp-quic v1.5.3-0.20210327132555-1fa9522fc890/go.mod h1:vJ4QhgDqDKhVT8/uQNH5VbnDb3cdtgWcwaVZ5LgVUpA=
github.com/SHARANTANGEDA/mp-quic v1.5.3-0.20210328160202-3c04420411fe h1:mQGllht5vFENkH8d9iFpJcqMtuVf1TZJmqvM2TIqwNk=
github.com/SHARANTANGEDA/mp-quic v1.5.3-0.20210328160202-3c04420411fe/go.mod h1:F/xoevpoWN0tPBv9y5Pqhy3/qXdqhzvRmZlGCWoQVs0=
github.com/SHARANTANGEDA/mp-quic v1.5.3-0.20210328162607-984464de9bc9 h1:IX4BWixb+RyH5bU84J3F35LBlakOF0oZV+l55tEgjqU=
github.com/SHARANTANGEDA/mp-quic v1.5.3-0.20210328162607-984464de9bc9/go.mod h1:F/xoevpoWN0tPBv9y5Pqhy3/qXdqhzvRmZlGCWoQVs0=
github.com/SHARANTANGEDA/mp-quic v1.5.3-0.20210328163257-6cff71c10eae h1:Q2OtkYNdptRcbS2cgsv7OC9JWo2KGZxvxFB4eSx4FjM=
github.com/SHARANTANGEDA/mp-quic v1.5.3-0.20210328163257-6cff71c10eae/go.mod h1:F/xoevpoWN0tPBv9y5Pqhy3/qXdqhzvRmZlGCWoQVs0=
github.com/SHARANTANGEDA/mp-quic v1.5.3-0.20210329071301-432dc25d4ac7 h1:qgO5clKfQbIeXlQqd1tdmbqU2SLQ3Wwjrxc8ZyeyoCw=
github.com/SHARANTANGEDA/mp-quic v1.5.3-0.20210329071301-432dc25d4ac7/go.mod h1:F/xoevpoWN0tPBv9y5Pqhy3/qXdqhzvRmZlGCWoQVs0=
github.com/SHARANTANGEDA/mp-quic v1.5.3-0.20210329071603-790de8003133 h1:KxSSbjg5ugjEjlCImEhXo5rAo3pmLyvRIYEzjhFBc7o=
github.com/SHARANTANGEDA/mp-quic v1.5.3-0.20210329071603-790de8003133/go.mod h1:F/xoevpoWN0tPBv9y5Pqhy3/qXdqhzvRmZlGCWoQVs0=
github.com/SHARANTANGEDA/mp-quic v1.5.3-0.20210330071527-ec0a28752761 h1:DQxTVwLu3ThlR6YCfrfaTF8UVDOFX02HtMfMNnz99cI=
github.com/SHARANTANGEDA/mp-quic v1.5.3-0.20210330071527-ec0a28752761/go.mod h1:F/xoevpoWN0tPBv9y5Pqhy3/qXdqhzvRmZlGCWoQVs0=
github.com/SHARANTANGEDA/mp-quic v1.5.3-0.20210330073608-6f7bcc48ef4b h1:zptWoQtcW7oMCC0LJBK9oZrH8XIF3QR8+xBJ17AZOr0=
github.com/SHARANTANGEDA/mp-quic v1.5.3-0.20210330073608-6f7bcc48ef4b/go.mod h1:F/xoevpoWN0tPBv9y5Pqhy3/qXdqhzvRmZlGCWoQVs0=
github.com/SHARANTANGEDA/mp-quic v1.5.3-0.20210330074810-31387fd1355f h1:G9GKKsVcTY7u9n4P2GAXroUlL1oW08h93YGLnGtRkps=
github.com/SHARANTANGEDA/mp-quic v1.5.3-0.20210330074810-31387fd1355f/go.mod h1:F/xoevpoWN0tPBv9y5Pqhy3/qXdqhzvRmZlGCWoQVs0=
github.com/SHARANTANGEDA/mp-quic v1.5.3-0.20210330075418-e513e19e3b20 h1:Ko+t8CaoN6VzLbtkvgB3K+bJhhZPVCpGY34wzacdRhw=
github.com/SHARANTANGEDA/mp-quic v1.5.3-0.20210330075418-e513e19e3b20/go.mod h1:F/xoevpoWN0tPBv9y5Pqhy3/qXdqhzvRmZlGCWoQVs0=
github.com/SHARANTANGEDA/mp-quic v1.5.3-0.20210330085953-2e29479f7254 h1:KfVucnliFjyXeozk6L0iynj08x77phXny/CFI+JrntY=
github.com/SHARANTANGEDA/mp-quic v1.5.3-0.20210330085953-2e29479f7254/go.mod h1:F/xoevpoWN0tPBv9y5Pqhy3/qXdqhzvRmZlGCWoQVs0=
github.com/SHARANTANGEDA/mp-quic v1.5.3-0.20210401054502-6a0fdf8dc495 h1:wSE3U7V7w2xSUq5v/puu4t2KoZldeWG/Rn9MbPFEpCI=
github.com/SHARANTANGEDA/mp-quic v1.5.3-0.20210401054502-6a0fdf8dc495/go.mod h1:F/xoevpoWN0tPBv9y5Pqhy3/qXdqhzvRmZlGCWoQVs0=
github.com/SHARANTANGEDA/mp-quic v1.5.3-0.20210401062059-c8454e01a705 h1:jlnvqwQjAbLO4BMdJTprNkg/4jmuRJBvMh8A000oN3U=
github.com/SHARANTANGEDA/mp-quic v1.5.3-0.20210401062059-c8454e01a705/go.mod h1:F/xoevpoWN0tPBv9y5Pqhy3/qXdqhzvRmZlGCWoQVs0=
github.com/SHARANTANGEDA/mp-quic v1.5.3-0.20210401081244-26e4f6194817 h1:cN2VrQ/IrD7Zin4UpNuPdvEIGyGj4v+ykVTDiuCVRsc=
github.com/SHARANTANGEDA/mp-quic v1.5.3-0.20210401081244-26e4f6194817/go.mod h1:F/xoevpoWN0tPBv9y5Pqhy3/qXdqhzvRmZlGCWoQVs0=
github.com/SHARANTANGEDA/mp-quic v1.5.3-0.20210401085135-b036e73f4553 h1:FaS3BwBOQEaUp+ZC3Z6x2cl5bosIolYhflQy/b84bvg=
github.com/SHARANTANGEDA/mp-quic v1.5.3-0.20210401085135-b036e73f4553/go.mod h1:F/xoevpoWN0tPBv9y5Pqhy3/qXdqhzvRmZlGCWoQVs0=
github.com/SHARANTANGEDA/mp-quic v1.5.3-0.20210401090827-03795540de47 h1:vh2uO8cj9qwdmUPHSq7UQfTOi4eYIyVMrRDeg1z/DZQ=
github.com/SHARANTANGEDA/mp-quic v1.5.3-0.20210401090827-03795540de47/go.mod h1:F/xoevpoWN0tPBv9y5Pqhy3/qXdqhzvRmZlGCWoQVs0=
github.com/SHARANTANGEDA/mp-quic v1.5.3-0.20210401092712-6c527c9d09df h1:C2WaBgjbc4P56JRr7KAijJl+J9AyNc0X9CytifY1HPo=
github.com/SHARANTANGEDA/mp-quic v1.5.3-0.20210401092712-6c527c9d09df/go.mod h1:F/xoevpoWN0tPBv9y5Pqhy3/qXdqhzvRmZlGCWoQVs0=
github.com/SHARANTANGEDA/mp-quic v1.5.3-0.20210401102710-d59e104d5a0e h1:VoQRMNuClu+JTOt9AB2QIM8A5rgAhFy+unxB50Szoo4=
github.com/SHARANTANGEDA/mp-quic v1.5.3-0.20210401102710-d59e104d5a0e/go.mod h1:F/xoevpoWN0tPBv9y5Pqhy3/qXdqhzvRmZlGCWoQVs0=
github.com/SHARANTANGEDA/mp-quic v1.5.3-0.20210401125514-da56ff831978 h1:Lvk6lyxD2LMvlxOih16/zB7iofUmymOg35ILd1aZbzI=
github.com/SHARANTANGEDA/mp-quic v1.5.3-0.20210401125514-da56ff831978/go.mod h1:g/+DdSEHox6ptYUcJpySUzFrU3jRLkAoKBnI18TTOyw=
github.com/SHARANTANGEDA/mp-quic v1.5.3-0.20210401131534-b67805add975 h1:zLNfQam+DQdPpveXDlW+26XTTQd2zq7e1ElLtEplGCM=
github.com/SHARANTANGEDA/mp-quic v1.5.3-0.20210401131534-b67805add975/go.mod h1:g/+DdSEHox6ptYUcJpySUzFrU3jRLkAoKBnI18TTOyw=
github.com/SHARANTANGEDA/mp-quic v1.5.3-0.20210401133015-a1855753a3e7 h1:A/tQCFoPWKYK0qds9z5kHmrGGkbAS2P5mFkDQrkfLYE=
github.com/SHARANTANGEDA/mp-quic v1.5.3-0.20210401133015-a1855753a3e7/go.mod h1:g/+DdSEHox6ptYUcJpySUzFrU3jRLkAoKBnI18TTOyw=
github.com/SHARANTANGEDA/mp-quic v1.5.3-0.20210401135722-005d926740dd h1:Cd154p8NlKX3dNipD03KnXR1V+2ZRF53Rgnt68gnd0w=
github.com/SHARANTANGEDA/mp-quic v1.5.3-0.20210401135722-005d926740dd/go.mod h1:g/+DdSEHox6ptYUcJpySUzFrU3jRLkAoKBnI18TTOyw=
github.com/SHARANTANGEDA/mp-quic v1.5.3-0.20210401140516-10aaf84f3d65 h1:KYr7MPwlxgvYa6rRgY95XwvNhvtS2VH5nHSMtEb/fLA=
github.com/SHARANTANGEDA/mp-quic v1.5.3-0.20210401140516-10aaf84f3d65/go.mod h1:g/+DdSEHox6ptYUcJpySUzFrU3jRLkAoKBnI18TTOyw=
github.com/SHARANTANGEDA/mp-quic v1.5.3-0.20210401141700-65a4ef605085 h1:x6HRstxq1Aw3yNq30udk6NqykfPVDTl+1ISQGf/qsI4=
github.com/SHARANTANGEDA/mp-quic v1.5.3-0.20210401141700-65a4ef605085/go.mod h1:g/+DdSEHox6ptYUcJpySUzFrU3jRLkAoKBnI18TTOyw=
github.com/SHARANTANGEDA/mp-quic v1.5.3-0.20210401142553-74173c691494 h1:TBJSjzGYasJE6s0SmUNM7HSG9KtPFTJY7VdGA5T3qts=
github.com/SHARANTANGEDA/mp-quic v1.5.3-0.20210401142553-74173c691494/go.mod h1:g/+DdSEHox6ptYUcJpySUzFrU3jRLkAoKBnI18TTOyw=
github.com/SHARANTANGEDA/mp-quic v1.5.3-0.20210401144951-85a98e34346c h1:tT/jDEI8HzIccXsqos5r8EJ3l4s+CL346TOvGj/jULY=
github.com/SHARANTANGEDA/mp-quic v1.5.3-0.20210401144951-85a98e34346c/go.mod h1:g/+DdSEHox6ptYUcJpySUzFrU3jRLkAoKBnI18TTOyw=
github.com/SHARANTANGEDA/mp-quic v1.5.3-0.20210402050844-982b02a7f6cf h1:WxZ77bnmMUuqTzco0My3oz9AhdtD53MWWGORQ3Tqou4=
github.com/SHARANTANGEDA/mp-quic v1.5.3-0.20210402050844-982b02a7f6cf/go.mod h1:g/+DdSEHox6ptYUcJpySUzFrU3jRLkAoKBnI18TTOyw=
github.com/SHARANTANGEDA/mp-quic v1.5.3-0.20210402113945-82acae14d47a h1:kvHti0KBkuh9OY/E1OlBUJZMUwd+LXg+LlsEPqPwVJE=
github.com/SHARANTANGEDA/mp-quic v1.5.3-0.20210402113945-82acae14d47a/go.mod h1:g/+DdSEHox6ptYUcJpySUzFrU3jRLkAoKBnI18TTOyw=
github.com/SHARANTANGEDA/mp-quic v1.5.3-0.20210402153012-89d994ac6575 h1:tarfaXuoSZs1w4bEtfDBWmZUKs9pT5Uuc/yG+lZ8J8I=
github.com/SHARANTANGEDA/mp-quic v1.5.3-0.20210402153012-89d994ac6575/go.mod h1:g/+DdSEHox6ptYUcJpySUzFrU3jRLkAoKBnI18TTOyw=
github.com/SHARANTANGEDA/mp-quic v1.5.3-0.20210402153354-de2f918a9d12 h1:5OkX/D0LNgkdVKrUmF79wleEvmnfrEO4WAwJp3j2fUc=
github.com/SHARANTANGEDA/mp-quic v1.5.3-0.20210402153354-de2f918a9d12/go.mod h1:g/+DdSEHox6ptYUcJpySUzFrU3jRLkAoKBnI18TTOyw=
github.com/SHARANTANGEDA/mp-quic v1.5.3-0.20210402161118-db8488c51e81 h1:7Ix/Q8FxsaYjC4Q0NLVroU8omCXN1Sim2+YgpNYOpa4=
github.com/SHARANTANGEDA/mp-quic v1.5.3-0.20210402161118-db8488c51e81/go.mod h1:g/+DdSEHox6ptYUcJpySUzFrU3jRLkAoKBnI18TTOyw=
github.com/SHARANTANGEDA/mp-quic v1.5.3-0.20210403042106-57df994f5587 h1:JCr2Sko+fF2bFAILKQ5i95S2JNQWGttEpAi9JvsxmBM=
github.com/SHARANTANGEDA/mp-quic v1.5.3-0.20210403042106-57df994f5587/go.mod h1:g/+DdSEHox6ptYUcJpySUzFrU3jRLkAoKBnI18TTOyw=
github.com/SHARANTANGEDA/mp-quic v1.5.3-0.20210403051629-644f1cf4897b h1:ocXPwhji2cifswN5khLYXLOC/lsJpmJThyx22f0i8bE=
github.com/SHARANTANGEDA/mp-quic v1.5.3-0.20210403051629-644f1cf4897b/go.mod h1:g/+DdSEHox6ptYUcJpySUzFrU3jRLkAoKBnI18TTOyw=
github.com/SHARANTANGEDA/mp-quic v1.5.3-0.20210403052056-c13b00030692 h1:oYvxPPYEOwDK3/But2U5HueopfFpgHB877JWgXj0a0k=
github.com/SHARANTANGEDA/mp-quic v1.5.3-0.20210403052056-c13b00030692/go.mod h1:g/+DdSEHox6ptYUcJpySUzFrU3jRLkAoKBnI18TTOyw=
github.com/SHARANTANGEDA/mp-quic v1.5.3-0.20210403052912-a3fcf93c8977 h1:gEYp5PCxay0k5Vgibj0i45ae7VGCWl6dXeCuHXi9f00=
github.com/SHARANTANGEDA/mp-quic v1.5.3-0.20210403052912-a3fcf93c8977/go.mod h1:g/+DdSEHox6ptYUcJpySUzFrU3jRLkAoKBnI18TTOyw=
github.com/SHARANTANGEDA/mp-quic v1.5.3-0.20210405090412-ee6a23938cf5 h1:8BC1IIv8HlV43Lcf/mO4cUeMIaOWLfhRM6xwTdd3AYY=
github.com/SHARANTANGEDA/mp-quic v1.5.3-0.20210405090412-ee6a23938cf5/go.mod h1:g/+DdSEHox6ptYUcJpySUzFrU3jRLkAoKBnI18TTOyw=
github.com/SHARANTANGEDA/mp-quic v1.5.3-0.20210413101329-07b1b67fdb6d h1:8iI3qSagv1UI32c3Fhbw8XD18TyrmFek9s7HVEGjv2M=
github.com/SHARANTANGEDA/mp-quic v1.5.3-0.20210413101329-07b1b67fdb6d/go.mod h1:g/+DdSEHox6ptYUcJpySUzFrU3jRLkAoKBnI18TTOyw=
github.com/SHARANTANGEDA/mp-quic v1.5.3-0.20210413101443-88f5c77d8fcc h1:6SuRf26eDnEIXes3ulGJvdD8ByDR03JB0uKtIX02evg=
github.com/SHARANTANGEDA/mp-quic v1.5.3-0.20210413101443-88f5c77d8fcc/go.mod h1:g/+DdSEHox6ptYUcJpySUzFrU3jRLkAoKBnI18TTOyw=
github.com/SHARANTANGEDA/mp-quic v1.5.3-0.20210413102827-7a0b42a87437 h1:hj/KNntER7Od9cjETHjGYk9Uq+/f5FdH45ThXBCK8mo=
github.com/SHARANTANGEDA/mp-quic v1.5.3-0.20210413102827-7a0b42a87437/go.mod h1:g/+DdSEHox6ptYUcJpySUzFrU3jRLkAoKBnI18TTOyw=
github.com/SHARANTANGEDA/mp-quic v1.5.3-0.20210413103202-0a2a6d16a152 h1:bPC/ySPjcJQfcn81H9Xn32OE0Qo0YP2lKbDTbspfXn8=
github.com/SHARANTANGEDA/mp-quic v1.5.3-0.20210413103202-0a2a6d16a152/go.mod h1:g/+DdSEHox6ptYUcJpySUzFrU3jRLkAoKBnI18TTOyw=
github.com/SHARANTANGEDA/mp-quic v1.5.3-0.20210420120700-a5315f9816f3 h1:tILwn8WGPs82VmUQbIfDfE6J6Qq1AmBak31h2Foai2I=
github.com/SHARANTANGEDA/mp-quic v1.5.3-0.20210420120700-a5315f9816f3/go.mod h1:g/+DdSEHox6ptYUcJpySUzFrU3jRLkAoKBnI18TTOyw=
github.com/SHARANTANGEDA/mp-quic v1.5.3-0.20210420135840-884d6bfa9201 h1:Alsq4/6cewM0KP6v0AwChR4+o0vymg70gtoLizOYsIo=
github.com/SHARANTANGEDA/mp-quic v1.5.3-0.20210420135840-884d6bfa9201/go.mod h1:g/+DdSEHox6ptYUcJpySUzFrU3jRLkAoKBnI18TTOyw=
github.com/SHARANTANGEDA/mp-quic v1.5.3-0.20210421045751-39ca21a3b30b h1:0ydeEYnKMgv5/0eetrjWxkaC1y0UrzgYTdHcU4PAm1I=
github.com/SHARANTANGEDA/mp-quic v1.5.3-0.20210421045751-39ca21a3b30b/go.mod h1:g/+DdSEHox6ptYUcJpySUzFrU3jRLkAoKBnI18TTOyw=
github.com/SHARANTANGEDA/mp-quic v1.5.3-0.20210421073344-e334c8affbf5 h1:qjcgjrZdW+1xgJHHe5e2cALXhw8gM6w34sVumSeI5Xc=
github.com/SHARANTANGEDA/mp-quic v1.5.3-0.20210421073344-e334c8affbf5/go.mod h1:g/+DdSEHox6ptYUcJpySUzFrU3jRLkAoKBnI18TTOyw=
github.com/SHARANTANGEDA/mp-quic v1.5.3-0.20210421080919-2b6fdd6afa0c h1:gW/W64zUTxeKwv2uM7gwfIOtbxQuGpPC6xxLub3Emm4=
github.com/SHARANTANGEDA/mp-quic v1.5.3-0.20210421080919-2b6fdd6afa0c/go.mod h1:g/+DdSEHox6ptYUcJpySUzFrU3jRLkAoKBnI18TTOyw=
github.com/SHARANTANGEDA/mp-quic v1.5.3-0.20210421091100-562e660c3716 h1:6co/tE2B2NBUBbhuq1y2oGgPZshtD+JgduhDBrR6TWg=
github.com/SHARANTANGEDA/mp-quic v1.5.3-0.20210421091100-562e660c3716/go.mod h1:g/+DdSEHox6ptYUcJpySUzFrU3jRLkAoKBnI18TTOyw=
github.com/Workiva/go-datastructures v1.0.52 h1:PLSK6pwn8mYdaoaCZEMsXBpBotr4HHn9abU0yMQt0NI=
github.com/Workiva/go-datastructures v1.0.52/go.mod h1:Z+F2Rca0qCsVYDS8z7bAGm8f3UkzuWYS/oBZz5a7VVA=
github.com/ajstarks/svgo v0.0.0-20180226025133-644b8db467af/go.mod h1:K08gAheRH3/J6wwsYMMT4xOr94bZjxIelGM0+d/wbFw=
github.com/ajstarks/svgo v0.0.0-20180226025133-644b8db467af/go.mod h1:K08gAheRH3/J6wwsYMMT4xOr94bZjxIelGM0+d/wbFw=
github.com/bifurcation/mint v0.0.0-20171208133358-a6080d464fb5 h1:KdsEvFq5LFgLLgw+qvdTClkF8zme3IdrrboZTy6LMvY=
github.com/bifurcation/mint v0.0.0-20171208133358-a6080d464fb5/go.mod h1:zVt7zX3K/aDCk9Tj+VM7YymsX66ERvzCJzw8rFCX2JU=
github.com/census-instrumentation/opencensus-proto v0.2.1/go.mod h1:f6KPmirojxKA12rnyqOA5BBL4O983OfeGPqjHWSTneU=
github.com/client9/misspell v0.3.4/go.mod h1:qj6jICC3Q7zFZvVWo7KLAzC3yx5G7kyvSDkc90ppPyw=
github.com/davecgh/go-spew v1.1.0/go.mod h1:J7Y8YcW2NihsgmVo/mv3lAwl/skON4iLHjSsI+c5H38=
github.com/davecgh/go-spew v1.1.1 h1:vj9j/u1bqnvCEfJOwUhtlOARqs3+rkHYY13jYWTU97c=
github.com/davecgh/go-spew v1.1.1/go.mod h1:J7Y8YcW2NihsgmVo/mv3lAwl/skON4iLHjSsI+c5H38=
github.com/envoyproxy/go-control-plane v0.9.1-0.20191026205805-5f8ba28d4473/go.mod h1:YTl/9mNaCwkRvm6d1a2C3ymFceY/DCBVvsKhRF0iEA4=
github.com/envoyproxy/protoc-gen-validate v0.1.0/go.mod h1:iSmxcyjqTsJpI2R4NaDN7+kN2VEUnK/pcBlmesArF7c=
github.com/fogleman/gg v1.2.1-0.20190220221249-0403632d5b90/go.mod h1:R/bRT+9gY/C5z7JzPU0zXsXHKM4/ayA+zqcVNZzPa1k=
github.com/fsnotify/fsnotify v1.4.7/go.mod h1:jwhsz4b93w/PPRr/qN1Yymfu8t87LnFCMoQvtojpjFo=
github.com/fsnotify/fsnotify v1.4.9 h1:hsms1Qyu0jgnwNXIxa+/V/PDsU6CfLf6CNO8H7IWoS4=
github.com/fsnotify/fsnotify v1.4.9/go.mod h1:znqG4EE+3YCdAaPaxE2ZRY/06pZUdp0tY4IgpuI1SZQ=
github.com/galeone/tensorflow v2.4.0-rc0.0.20210202175351-640a390c2283+incompatible h1:32i1dZzY2xO7tSzpea1hrSVOF6QxPPlGjmnVluVF+ps=
github.com/galeone/tensorflow v2.4.0-rc0.0.20210202175351-640a390c2283+incompatible/go.mod h1:tPYvIhe58Qvzh/hJfdy0881FcAnouYskaz5tNIDEeMA=
github.com/galeone/tfgo v0.0.0-20210204182614-84b9a5e77f79 h1:FqeRBi0Ju7Uv/01BWt5YhHjzQ76MM+kM2T73C8MD2o8=
github.com/galeone/tfgo v0.0.0-20210204182614-84b9a5e77f79/go.mod h1:iXe7mY1vKyD1+70cKIwO+7BH18AQ79U0akU5IrgW3GU=
github.com/golang/freetype v0.0.0-20170609003504-e2365dfdc4a0/go.mod h1:E/TSTwGwJL78qG/PmXZO1EjYhfJinVAhrmmHX6Z8B9k=
github.com/golang/glog v0.0.0-20160126235308-23def4e6c14b/go.mod h1:SBH7ygxi8pfUlaOkMMuAQtPIUF8ecWP5IEl/CR7VP2Q=
github.com/golang/mock v1.1.1/go.mod h1:oTYuIxOrZwtPieC+H1uAHpcLFnEyAGVDL/k47Jfbm0A=
github.com/golang/mock v1.4.4 h1:l75CXGRSwbaYNpl/Z2X1XIIAMSCquvXgpVZDhwEIJsc=
github.com/golang/mock v1.4.4/go.mod h1:l3mdAwkq5BuhzHwde/uurv3sEJeZMXNpwsxVWU71h+4=
github.com/golang/protobuf v1.2.0/go.mod h1:6lQm79b+lXiMfvg/cZm0SGofjICqVBUtrP5yJMmIC1U=
github.com/golang/protobuf v1.3.2/go.mod h1:6lQm79b+lXiMfvg/cZm0SGofjICqVBUtrP5yJMmIC1U=
github.com/golang/protobuf v1.4.0-rc.1/go.mod h1:ceaxUfeHdC40wWswd/P6IGgMaK3YpKi5j83Wpe3EHw8=
github.com/golang/protobuf v1.4.0-rc.1.0.20200221234624-67d41d38c208/go.mod h1:xKAWHe0F5eneWXFV3EuXVDTCmh+JuBKY0li0aMyXATA=
github.com/golang/protobuf v1.4.0-rc.2/go.mod h1:LlEzMj4AhA7rCAGe4KMBDvJI+AwstrUpVNzEA03Pprs=
github.com/golang/protobuf v1.4.0-rc.4.0.20200313231945-b860323f09d0/go.mod h1:WU3c8KckQ9AFe+yFwt9sWVRKCVIyN9cPHBJSNnbL67w=
github.com/golang/protobuf v1.4.0/go.mod h1:jodUvKwWbYaEsadDk5Fwe5c77LiNKVO9IDvqG2KuDX0=
github.com/golang/protobuf v1.4.1/go.mod h1:U8fpvMrcmy5pZrNK1lt4xCsGvpyWQ/VVv6QDs8UjoX8=
github.com/golang/protobuf v1.4.2 h1:+Z5KGCizgyZCbGh1KZqA0fcLLkwbsjIzS4aV2v7wJX0=
github.com/golang/protobuf v1.4.2/go.mod h1:oDoupMAO8OvCJWAcko0GGGIgR6R6ocIYbsSw735rRwI=
github.com/golang/protobuf v1.4.3 h1:JjCZWpVbqXDqFVmTfYWEVTMIYrL/NPdPSCHPJ0T/raM=
github.com/golang/protobuf v1.4.3/go.mod h1:oDoupMAO8OvCJWAcko0GGGIgR6R6ocIYbsSw735rRwI=
github.com/google/go-cmp v0.2.0/go.mod h1:oXzfMopK8JAjlY9xF4vHSVASa0yLyX7SntLO5aqRK0M=
github.com/google/go-cmp v0.3.0/go.mod h1:8QqcDgzrUqlUb/G2PQTWiueGozuR1884gddMywk6iLU=
github.com/google/go-cmp v0.3.1/go.mod h1:8QqcDgzrUqlUb/G2PQTWiueGozuR1884gddMywk6iLU=
github.com/google/go-cmp v0.4.0 h1:xsAVV57WRhGj6kEIi8ReJzQlHHqcBYCElAvkovg3B/4=
github.com/google/go-cmp v0.4.0/go.mod h1:v8dTdLbMG2kIc/vJvl+f65V22dbkXbowE6jgT/gNBxE=
github.com/google/go-cmp v0.5.0/go.mod h1:v8dTdLbMG2kIc/vJvl+f65V22dbkXbowE6jgT/gNBxE=
github.com/google/uuid v1.2.0/go.mod h1:TIyPZe4MgqvfeYDBFedMoGGpEw/LqOeaOT+nhxU+yHo=
github.com/hashicorp/golang-lru v0.5.4 h1:YDjusn29QI/Das2iO9M0BHnIbxPeyuCHsjMW+lJfyTc=
github.com/hashicorp/golang-lru v0.5.4/go.mod h1:iADmTwqILo4mZ8BN3D2Q6+9jd8WM5uGBxy+E8yxSoD4=
github.com/hpcloud/tail v1.0.0/go.mod h1:ab1qPbhIpdTxEkNHXyeSf5vhxWSCs/tWer42PpOxQnU=
github.com/jung-kurt/gofpdf v1.0.3-0.20190309125859-24315acbbda5/go.mod h1:7Id9E/uU8ce6rXgefFLlgrJj/GYY22cpxn+r32jIOes=
github.com/kr/pretty v0.1.0 h1:L/CwN0zerZDmRFUapSPitk6f+Q3+0za1rQkzVuMiMFI=
github.com/kr/pretty v0.1.0/go.mod h1:dAy3ld7l9f0ibDNOQOHHMYYIIbhfbHSm3C4ZsoJORNo=
github.com/kr/pty v1.1.1/go.mod h1:pFQYn66WHrOpPYNljwOMqo10TkYh1fy3cYio2l3bCsQ=
github.com/kr/text v0.1.0 h1:45sCR5RtlFHMR4UwH9sdQ5TC8v0qDQCHnXt+kaKSTVE=
github.com/kr/text v0.1.0/go.mod h1:4Jbv+DJW3UT/LiOwJeYQe1efqtUx/iVham/4vfdArNI=
github.com/lucas-clemente/aes12 v0.0.0-20171027163421-cd47fb39b79f h1:sSeNEkJrs+0F9TUau0CgWTTNEwF23HST3Eq0A+QIx+A=
github.com/lucas-clemente/aes12 v0.0.0-20171027163421-cd47fb39b79f/go.mod h1:JpH9J1c9oX6otFSgdUHwUBUizmKlrMjxWnIAjff4m04=
github.com/lucas-clemente/fnv128a v0.0.0-20160504152609-393af48d3916 h1:BBilz74EccNZJD5AWJKb5j1TK1F5WbloW9dyD9WQ5oY=
github.com/lucas-clemente/fnv128a v0.0.0-20160504152609-393af48d3916/go.mod h1:31qAbuTRFIJASrl34sBxFDAVzDF22dO/GV7Lxw+Kmi8=
github.com/lucas-clemente/quic-clients v0.1.0/go.mod h1:y5xVIEoObKqULIKivu+gD/LU90pL73bTdtQjPBvtCBk=
github.com/lucas-clemente/quic-go-certificates v0.0.0-20160823095156-d2f86524cced h1:zqEC1GJZFbGZA0tRyNZqRjep92K5fujFtFsu5ZW7Aug=
github.com/lucas-clemente/quic-go-certificates v0.0.0-20160823095156-d2f86524cced/go.mod h1:NCcRLrOTZbzhZvixZLlERbJtDtYsmMw8Jc4vS8Z0g58=
github.com/niemeyer/pretty v0.0.0-20200227124842-a10e7caefd8e h1:fD57ERR4JtEqsWbfPhv4DMiApHyliiK5xCTNVSPiaAs=
github.com/niemeyer/pretty v0.0.0-20200227124842-a10e7caefd8e/go.mod h1:zD1mROLANZcx1PVRCS0qkT7pwLkGfwJo4zjcN/Tysno=
github.com/nxadm/tail v1.4.4 h1:DQuhQpB1tVlglWS2hLQ5OV6B5r8aGxSrPc5Qo6uTN78=
github.com/nxadm/tail v1.4.4/go.mod h1:kenIhsEOeOJmVchQTgglprH7qJGnHDVpk1VPCcaMI8A=
github.com/onsi/ginkgo v1.6.0/go.mod h1:lLunBs/Ym6LB5Z9jYTR76FiuTmxDTDusOGeTQH+WWjE=
github.com/onsi/ginkgo v1.12.1/go.mod h1:zj2OWP4+oCPe1qIXoGWkgMRwljMUYCdkwsT2108oapk=
github.com/onsi/ginkgo v1.14.0 h1:2mOpI4JVVPBN+WQRa0WKH2eXR+Ey+uK4n7Zj0aYpIQA=
github.com/onsi/ginkgo v1.14.0/go.mod h1:iSB4RoI2tjJc9BBv4NKIKWKya62Rps+oPG/Lv9klQyY=
github.com/onsi/gomega v1.7.1/go.mod h1:XdKZgCCFLUoM/7CFJVPcG8C1xQ1AJ0vpAezJrB7JYyY=
github.com/onsi/gomega v1.10.1 h1:o0+MgICZLuZ7xjH7Vx6zS/zcu93/BEp1VwkIW1mEXCE=
github.com/onsi/gomega v1.10.1/go.mod h1:iN09h71vgCQne3DLsj+A5owkum+a2tYe+TOCB1ybHNo=
github.com/patrikeh/go-deep v0.0.0-20191210195838-b811ffc4083e/go.mod h1:W7GtTeZHpwautuPVtKBFp1+df69GkwlOGD2cwvYeYIE=
github.com/philhofer/fwd v1.1.1/go.mod h1:gk3iGcWd9+svBvR0sR+KPcfE+RNWozjowpeBVG3ZVNU=
github.com/pmezard/go-difflib v1.0.0 h1:4DBwDE0NGyQoBHbLQYPwSUPoCMWR5BEzIk/f1lZbAQM=
github.com/pmezard/go-difflib v1.0.0/go.mod h1:iKH77koFhYxTK1pcRnkKkqfTogsbg7gZNVY4sRDYZ/4=
github.com/prometheus/client_model v0.0.0-20190812154241-14fe0d1b01d4/go.mod h1:xMI15A0UPsDsEKsMN9yxemIoYk6Tm2C1GtYGdfGttqA=
github.com/stretchr/objx v0.1.0/go.mod h1:HFkY916IF+rwdDfMAkV7OtwuqBVzrE8GR6GFx+wExME=
github.com/stretchr/objx v0.3.0/go.mod h1:qt09Ya8vawLte6SNmTgCsAVtYtaKzEcn8ATUoHMkEqE=
github.com/stretchr/testify v1.1.4/go.mod h1:a8OnRcib4nhh0OaRAV+Yts87kKdq0PP7pXfy6kDkUVs=
github.com/stretchr/testify v1.3.0/go.mod h1:M5WIy9Dh21IEIfnGCwXGc5bZfKNJtfHm1UVUgZn+9EI=
github.com/stretchr/testify v1.7.0 h1:nwc3DEeHmmLAfoZucVR881uASk0Mfjw8xYJ99tb5CcY=
github.com/stretchr/testify v1.7.0/go.mod h1:6Fq8oRcR53rry900zMqJjRRixrwX3KX962/h/Wwjteg=
github.com/tensorflow/tensorflow v1.15.0 h1:ujwCjW4LRUwUp7YrAK+menE0GZkeJgkQT5FgdWNpVCk=
github.com/tensorflow/tensorflow v1.15.0/go.mod h1:itOSERT4trABok4UOoG+X4BoKds9F3rIsySdn+Lvu90=
github.com/tensorflow/tensorflow v2.4.1+incompatible h1:T6Zx+g2n8sGZmPODt5TbJxoQdv0mUDMLHJmN5YXywzA=
github.com/tensorflow/tensorflow v2.4.1+incompatible/go.mod h1:itOSERT4trABok4UOoG+X4BoKds9F3rIsySdn+Lvu90=
github.com/teris-io/shortid v0.0.0-20201117134242-e59966efd125 h1:3SNcvBmEPE1YlB1JpVZouslJpI3GBNoiqW7+wb0Rz7w=
github.com/teris-io/shortid v0.0.0-20201117134242-e59966efd125/go.mod h1:M8agBzgqHIhgj7wEn9/0hJUZcrvt9VY+Ln+S1I5Mha0=
github.com/tinylib/msgp v1.1.5/go.mod h1:eQsjooMTnV42mHu917E26IogZ2930nFyBQdofk10Udg=
github.com/ttacon/chalk v0.0.0-20160626202418-22c06c80ed31/go.mod h1:onvgF043R+lC5RZ8IT9rBXDaEDnpnw/Cl+HFiw+v/7Q=
github.com/yuin/goldmark v1.2.1/go.mod h1:3hX8gzYuyVAZsxl0MRgGTJEmQBFcNTphYh9decYSb74=
golang.org/x/crypto v0.0.0-20190308221718-c2843e01d9a2/go.mod h1:djNgcEr1/C05ACkg1iLfiJU5Ep61QUkGW8qpdssI0+w=
golang.org/x/crypto v0.0.0-20191011191535-87dc89f01550/go.mod h1:yigFU9vqHzYiE8UmvKecakEJjdnWj3jj499lnFckfCI=
golang.org/x/crypto v0.0.0-20200622213623-75b288015ac9 h1:psW17arqaxU48Z5kZ0CQnkZWQJsqcURM6tKiBApRjXI=
golang.org/x/crypto v0.0.0-20200622213623-75b288015ac9/go.mod h1:LzIPMQfyMNhhGPhUkYOs5KpL4U8rLKemX1yGLhDgUto=
golang.org/x/exp v0.0.0-20180321215751-8460e604b9de/go.mod h1:CJ0aWSM057203Lf6IL+f9T1iT9GByDxfZKAQTCR3kQA=
golang.org/x/exp v0.0.0-20180807140117-3d87b88a115f/go.mod h1:CJ0aWSM057203Lf6IL+f9T1iT9GByDxfZKAQTCR3kQA=
golang.org/x/exp v0.0.0-20190121172915-509febef88a4/go.mod h1:CJ0aWSM057203Lf6IL+f9T1iT9GByDxfZKAQTCR3kQA=
golang.org/x/exp v0.0.0-20190125153040-c74c464bbbf2 h1:y102fOLFqhV41b+4GPiJoa0k/x+pJcEi2/HB1Y5T6fU=
golang.org/x/exp v0.0.0-20190125153040-c74c464bbbf2/go.mod h1:CJ0aWSM057203Lf6IL+f9T1iT9GByDxfZKAQTCR3kQA=
golang.org/x/exp v0.0.0-20190125153040-c74c464bbbf2/go.mod h1:CJ0aWSM057203Lf6IL+f9T1iT9GByDxfZKAQTCR3kQA=
golang.org/x/image v0.0.0-20180708004352-c73c2afc3b81/go.mod h1:ux5Hcp/YLpHSI86hEcLt0YII63i6oz57MZXIpbrjZUs=
golang.org/x/image v0.0.0-20180708004352-c73c2afc3b81/go.mod h1:ux5Hcp/YLpHSI86hEcLt0YII63i6oz57MZXIpbrjZUs=
golang.org/x/lint v0.0.0-20181026193005-c67002cb31c3/go.mod h1:UVdnD1Gm6xHRNCYTkRU2/jEulfH38KcIWyp/GAMgvoE=
golang.org/x/lint v0.0.0-20190227174305-5b3e6a55c961/go.mod h1:wehouNa3lNwaWXcvxsM5YxQ5yQlVC4a0KAMCusXpPoU=
golang.org/x/lint v0.0.0-20190313153728-d0100b6bd8b3/go.mod h1:6SW0HCj/g11FgYtHlgUYUwCkIfeOF89ocIRzGO/8vkc=
golang.org/x/mod v0.3.0/go.mod h1:s0Qsj1ACt9ePp/hMypM3fl4fZqREWJwdYDEqhRiZZUA=
golang.org/x/net v0.0.0-20180724234803-3673e40ba225/go.mod h1:mL1N/T3taQHkDXs73rZJwtUhF3w3ftmwwsq0BUmARs4=
golang.org/x/net v0.0.0-20180826012351-8a410e7b638d/go.mod h1:mL1N/T3taQHkDXs73rZJwtUhF3w3ftmwwsq0BUmARs4=
golang.org/x/net v0.0.0-20180906233101-161cd47e91fd/go.mod h1:mL1N/T3taQHkDXs73rZJwtUhF3w3ftmwwsq0BUmARs4=
golang.org/x/net v0.0.0-20190213061140-3a22650c66bd/go.mod h1:mL1N/T3taQHkDXs73rZJwtUhF3w3ftmwwsq0BUmARs4=
golang.org/x/net v0.0.0-20190311183353-d8887717615a/go.mod h1:t9HGtf8HONx5eT2rtn7q6eTqICYqUVnKs3thJo3Qplg=
golang.org/x/net v0.0.0-20190404232315-eb5bcb51f2a3/go.mod h1:t9HGtf8HONx5eT2rtn7q6eTqICYqUVnKs3thJo3Qplg=
golang.org/x/net v0.0.0-20190620200207-3b0461eec859/go.mod h1:z5CRVTTTmAJ677TzLLGU+0bjPO0LkuOLi4/5GtJWs/s=
golang.org/x/net v0.0.0-20200520004742-59133d7f0dd7/go.mod h1:qpuaurCH72eLCgpAm/N6yyVIVM9cpaDIP3A8BGJEC5A=
golang.org/x/net v0.0.0-20201021035429-f5854403a974 h1:IX6qOQeG5uLjB/hjjwjedwfjND0hgjPMMyO1RoIXQNI=
golang.org/x/net v0.0.0-20201021035429-f5854403a974/go.mod h1:sp8m0HH+o8qH0wwXwYZr8TS3Oi6o0r6Gce1SSxlDquU=
golang.org/x/oauth2 v0.0.0-20180821212333-d2e6202438be/go.mod h1:N/0e6XlmueqKjAGxoOufVs8QHGRruUQn6yWY3a++T0U=
golang.org/x/sync v0.0.0-20180314180146-1d60e4601c6f/go.mod h1:RxMgew5VJxzue5/jJTE5uejpjVlOe/izrB70Jof72aM=
golang.org/x/sync v0.0.0-20181108010431-42b317875d0f/go.mod h1:RxMgew5VJxzue5/jJTE5uejpjVlOe/izrB70Jof72aM=
golang.org/x/sync v0.0.0-20190423024810-112230192c58/go.mod h1:RxMgew5VJxzue5/jJTE5uejpjVlOe/izrB70Jof72aM=
golang.org/x/sync v0.0.0-20201020160332-67f06af15bc9/go.mod h1:RxMgew5VJxzue5/jJTE5uejpjVlOe/izrB70Jof72aM=
golang.org/x/sys v0.0.0-20180830151530-49385e6e1522/go.mod h1:STP8DvDyc/dI5b8T5hshtkjS+E42TnysNCUPdjciGhY=
golang.org/x/sys v0.0.0-20180909124046-d0be0721c37e/go.mod h1:STP8DvDyc/dI5b8T5hshtkjS+E42TnysNCUPdjciGhY=
golang.org/x/sys v0.0.0-20190215142949-d0b11bdaac8a/go.mod h1:STP8DvDyc/dI5b8T5hshtkjS+E42TnysNCUPdjciGhY=
golang.org/x/sys v0.0.0-20190412213103-97732733099d/go.mod h1:h1NjWce9XRLGQEsW7wpKNCjG9DtNlClVuFLEZdDNbEs=
golang.org/x/sys v0.0.0-20190904154756-749cb33beabd/go.mod h1:h1NjWce9XRLGQEsW7wpKNCjG9DtNlClVuFLEZdDNbEs=
golang.org/x/sys v0.0.0-20191005200804-aed5e4c7ecf9/go.mod h1:h1NjWce9XRLGQEsW7wpKNCjG9DtNlClVuFLEZdDNbEs=
golang.org/x/sys v0.0.0-20191120155948-bd437916bb0e/go.mod h1:h1NjWce9XRLGQEsW7wpKNCjG9DtNlClVuFLEZdDNbEs=
golang.org/x/sys v0.0.0-20200323222414-85ca7c5b95cd/go.mod h1:h1NjWce9XRLGQEsW7wpKNCjG9DtNlClVuFLEZdDNbEs=
golang.org/x/sys v0.0.0-20200519105757-fe76b779f299/go.mod h1:h1NjWce9XRLGQEsW7wpKNCjG9DtNlClVuFLEZdDNbEs=
golang.org/x/sys v0.0.0-20200930185726-fdedc70b468f/go.mod h1:h1NjWce9XRLGQEsW7wpKNCjG9DtNlClVuFLEZdDNbEs=
golang.org/x/sys v0.0.0-20201231184435-2d18734c6014 h1:joucsQqXmyBVxViHCPFjG3hx8JzIFSaym3l3MM/Jsdg=
golang.org/x/sys v0.0.0-20201231184435-2d18734c6014/go.mod h1:h1NjWce9XRLGQEsW7wpKNCjG9DtNlClVuFLEZdDNbEs=
golang.org/x/text v0.3.0/go.mod h1:NqM8EUOU14njkJ3fqMW+pc6Ldnwhi/IjpwHt7yyuwOQ=
golang.org/x/text v0.3.2 h1:tW2bmiBqwgJj/UpqtC8EpXEZVYOwU0yG4iWbprSVAcs=
golang.org/x/text v0.3.2/go.mod h1:bEr9sfX3Q8Zfm5fL9x+3itogRgK3+ptLWKqgva+5dAk=
golang.org/x/text v0.3.3 h1:cokOdA+Jmi5PJGXLlLllQSgYigAEfHXJAERHVMaCc2k=
golang.org/x/text v0.3.3/go.mod h1:5Zoc/QRtKVWzQhOtBMvqHzDpF6irO9z98xDceosuGiQ=
golang.org/x/tools v0.0.0-20180525024113-a5b4c53f6e8b/go.mod h1:n7NCudcB/nEzxVGmLbDWY5pfWTLqBcC2KZ6jyYvM4mQ=
golang.org/x/tools v0.0.0-20180917221912-90fa682c2a6e/go.mod h1:n7NCudcB/nEzxVGmLbDWY5pfWTLqBcC2KZ6jyYvM4mQ=
golang.org/x/tools v0.0.0-20190114222345-bf090417da8b/go.mod h1:n7NCudcB/nEzxVGmLbDWY5pfWTLqBcC2KZ6jyYvM4mQ=
golang.org/x/tools v0.0.0-20190206041539-40960b6deb8e/go.mod h1:n7NCudcB/nEzxVGmLbDWY5pfWTLqBcC2KZ6jyYvM4mQ=
golang.org/x/tools v0.0.0-20190226205152-f727befe758c/go.mod h1:9Yl7xja0Znq3iFh3HoIrodX9oNMXvdceNzlUR8zjMvY=
golang.org/x/tools v0.0.0-20190311212946-11955173bddd/go.mod h1:LCzVGOaR6xXOjkQ3onu1FJEFr0SW1gC7cKk1uF8kGRs=
golang.org/x/tools v0.0.0-20190425150028-36563e24a262/go.mod h1:RgjU9mgBXZiqYHBnxXauZ1Gv1EHHAz9KjViQ78xBX0Q=
golang.org/x/tools v0.0.0-20190524140312-2c0ae7006135/go.mod h1:RgjU9mgBXZiqYHBnxXauZ1Gv1EHHAz9KjViQ78xBX0Q=
golang.org/x/tools v0.0.0-20191119224855-298f0cb1881e/go.mod h1:b+2E5dAYhXwXZwtnZ6UAqBI28+e2cm9otk0dWdXHAEo=
golang.org/x/tools v0.0.0-20201022035929-9cf592e881e9/go.mod h1:emZCQorbCU4vsT4fOWvOPXz4eW1wZW4PmDk9uLelYpA=
golang.org/x/xerrors v0.0.0-20190717185122-a985d3407aa7/go.mod h1:I/5z698sn9Ka8TeJc9MKroUUfqBBauWjQqLJ2OPfmY0=
golang.org/x/xerrors v0.0.0-20191011141410-1b5146add898/go.mod h1:I/5z698sn9Ka8TeJc9MKroUUfqBBauWjQqLJ2OPfmY0=
golang.org/x/xerrors v0.0.0-20191204190536-9bdfabe68543 h1:E7g+9GITq07hpfrRu66IVDexMakfv52eLZ2CXBWiKr4=
golang.org/x/xerrors v0.0.0-20191204190536-9bdfabe68543/go.mod h1:I/5z698sn9Ka8TeJc9MKroUUfqBBauWjQqLJ2OPfmY0=
golang.org/x/xerrors v0.0.0-20200804184101-5ec99f83aff1 h1:go1bK/D/BFZV2I8cIQd1NKEZ+0owSTG1fDTci4IqFcE=
golang.org/x/xerrors v0.0.0-20200804184101-5ec99f83aff1/go.mod h1:I/5z698sn9Ka8TeJc9MKroUUfqBBauWjQqLJ2OPfmY0=
gonum.org/v1/gonum v0.0.0-20180816165407-929014505bf4/go.mod h1:Y+Yx5eoAFn32cQvJDxZx5Dpnq+c3wtXuadVZAcxbbBo=
gonum.org/v1/gonum v0.0.0-20180816165407-929014505bf4/go.mod h1:Y+Yx5eoAFn32cQvJDxZx5Dpnq+c3wtXuadVZAcxbbBo=
gonum.org/v1/gonum v0.8.2 h1:CCXrcPKiGGotvnN6jfUsKk4rRqm7q09/YbKb5xCEvtM=
gonum.org/v1/gonum v0.8.2 h1:CCXrcPKiGGotvnN6jfUsKk4rRqm7q09/YbKb5xCEvtM=
gonum.org/v1/gonum v0.8.2/go.mod h1:oe/vMfY3deqTw+1EZJhuvEW2iwGF1bW9wwu7XCu0+v0=
gonum.org/v1/gonum v0.8.2/go.mod h1:oe/vMfY3deqTw+1EZJhuvEW2iwGF1bW9wwu7XCu0+v0=
gonum.org/v1/hdf5 v0.0.0-20200504100616-496fefe91614 h1:6opGC6JlNr8Efmo4HPh6P7JFrNL/8VH2/prV5esilyk=
gonum.org/v1/hdf5 v0.0.0-20200504100616-496fefe91614 h1:6opGC6JlNr8Efmo4HPh6P7JFrNL/8VH2/prV5esilyk=
gonum.org/v1/hdf5 v0.0.0-20200504100616-496fefe91614/go.mod h1:BQUWDHIAygjdt1HnUPQ0eWqLN2n5FwJycrpYUVUOx2I=
gonum.org/v1/hdf5 v0.0.0-20200504100616-496fefe91614/go.mod h1:BQUWDHIAygjdt1HnUPQ0eWqLN2n5FwJycrpYUVUOx2I=
gonum.org/v1/netlib v0.0.0-20190313105609-8cb42192e0e0 h1:OE9mWmgKkjJyEmDAAtGMPjXu+YNeGvK9VTSHY6+Qihc=
gonum.org/v1/netlib v0.0.0-20190313105609-8cb42192e0e0/go.mod h1:wa6Ws7BG/ESfp6dHfk7C6KdzKA7wR7u/rKwOGE66zvw=
gonum.org/v1/netlib v0.0.0-20190313105609-8cb42192e0e0/go.mod h1:wa6Ws7BG/ESfp6dHfk7C6KdzKA7wR7u/rKwOGE66zvw=
gonum.org/v1/plot v0.0.0-20190515093506-e2840ee46a6b/go.mod h1:Wt8AAjI+ypCyYX3nZBvf6cAIx93T+c/OS2HFAYskSZc=
gonum.org/v1/plot v0.0.0-20190515093506-e2840ee46a6b/go.mod h1:Wt8AAjI+ypCyYX3nZBvf6cAIx93T+c/OS2HFAYskSZc=
google.golang.org/appengine v1.1.0/go.mod h1:EbEs0AVv82hx2wNQdGPgUI5lhzA/G0D9YwlJXL52JkM=
google.golang.org/appengine v1.4.0/go.mod h1:xpcJRLb0r/rnEns0DIKYYv+WjYCduHsrkT7/EB5XEv4=
google.golang.org/genproto v0.0.0-20180817151627-c66870c02cf8/go.mod h1:JiN7NxoALGmiZfu7CAH4rXhgtRTLTxftemlI0sWmxmc=
google.golang.org/genproto v0.0.0-20190819201941-24fa4b261c55/go.mod h1:DMBHOl98Agz4BDEuKkezgsaosCRResVns1a3J2ZsMNc=
google.golang.org/genproto v0.0.0-20200526211855-cb27e3aa2013/go.mod h1:NbSheEEYHJ7i3ixzK3sjbqSGDJWnxyFXZblF3eUsNvo=
google.golang.org/grpc v1.19.0/go.mod h1:mqu4LbDTu4XGKhr4mRzUsmM4RtVoemTSY81AxZiDr8c=
google.golang.org/grpc v1.23.0/go.mod h1:Y5yQAOtifL1yxbo5wqy6BxZv8vAUGQwXBOALyacEbxg=
google.golang.org/grpc v1.27.0/go.mod h1:qbnxyOmOxrQa7FizSgH+ReBfzJrCY1pSN7KXBS8abTk=
google.golang.org/protobuf v0.0.0-20200109180630-ec00e32a8dfd/go.mod h1:DFci5gLYBciE7Vtevhsrf46CRTquxDuWsQurQQe4oz8=
google.golang.org/protobuf v0.0.0-20200221191635-4d8936d0db64/go.mod h1:kwYJMbMJ01Woi6D6+Kah6886xMZcty6N08ah7+eCXa0=
google.golang.org/protobuf v0.0.0-20200228230310-ab0ca4ff8a60/go.mod h1:cfTl7dwQJ+fmap5saPgwCLgHXTUD7jkjRqWcaiX5VyM=
google.golang.org/protobuf v1.20.1-0.20200309200217-e05f789c0967/go.mod h1:A+miEFZTKqfCUM6K7xSMQL9OKL/b6hQv+e19PK+JZNE=
google.golang.org/protobuf v1.21.0/go.mod h1:47Nbq4nVaFHyn7ilMalzfO3qCViNmqZ2kzikPIcrTAo=
google.golang.org/protobuf v1.22.0/go.mod h1:EGpADcykh3NcUnDUJcl1+ZksZNG86OlYog2l/sGQquU=
google.golang.org/protobuf v1.23.0 h1:4MY060fB1DLGMB/7MBTLnwQUY6+F09GEiz6SsrNqyzM=
google.golang.org/protobuf v1.23.0/go.mod h1:EGpADcykh3NcUnDUJcl1+ZksZNG86OlYog2l/sGQquU=
google.golang.org/protobuf v1.23.1-0.20200526195155-81db48ad09cc/go.mod h1:EGpADcykh3NcUnDUJcl1+ZksZNG86OlYog2l/sGQquU=
google.golang.org/protobuf v1.25.0 h1:Ejskq+SyPohKW+1uil0JJMtmHCgJPJ/qWTxr8qp+R4c=
google.golang.org/protobuf v1.25.0/go.mod h1:9JNX74DMeImyA3h4bdi1ymwjUzf21/xIlbajtzgsN7c=
gopkg.in/check.v1 v0.0.0-20161208181325-20d25e280405/go.mod h1:Co6ibVJAznAaIkqp8huTwlJQCZ016jof/cbN4VW5Yz0=
gopkg.in/check.v1 v1.0.0-20180628173108-788fd7840127 h1:qIbj1fsPNlZgppZ+VLlY7N33q108Sa+fhmuc+sWQYwY=
gopkg.in/check.v1 v1.0.0-20180628173108-788fd7840127/go.mod h1:Co6ibVJAznAaIkqp8huTwlJQCZ016jof/cbN4VW5Yz0=
gopkg.in/check.v1 v1.0.0-20200227125254-8fa46927fb4f h1:BLraFXnmrev5lT+xlilqcH8XK9/i0At2xKjWk4p6zsU=
gopkg.in/check.v1 v1.0.0-20200227125254-8fa46927fb4f/go.mod h1:Co6ibVJAznAaIkqp8huTwlJQCZ016jof/cbN4VW5Yz0=
gopkg.in/fsnotify.v1 v1.4.7/go.mod h1:Tz8NjZHkW78fSQdbUxIjBTcgA1z1m8ZHf0WmKUhAMys=
gopkg.in/tomb.v1 v1.0.0-20141024135613-dd632973f1e7 h1:uRGJdciOHaEIrze2W8Q3AKkepLTh2hOroT7a+7czfdQ=
gopkg.in/tomb.v1 v1.0.0-20141024135613-dd632973f1e7/go.mod h1:dt/ZhP58zS4L8KSrWDmTeBkI65Dw0HsyUHuEVlX15mw=
gopkg.in/yaml.v2 v2.2.4/go.mod h1:hI93XBmqTisBFMUTm0b8Fm+jr3Dg1NNxqwp+5A1VGuI=
gopkg.in/yaml.v2 v2.3.0 h1:clyUAQHOM3G0M3f5vQj7LuJrETvjVot3Z5el9nffUtU=
gopkg.in/yaml.v2 v2.3.0/go.mod h1:hI93XBmqTisBFMUTm0b8Fm+jr3Dg1NNxqwp+5A1VGuI=
gopkg.in/yaml.v3 v3.0.0-20200313102051-9f266ea9e77c/go.mod h1:K4uyk7z7BCEPqu6E+C64Yfv1cQ7kz7rIZviUmN+EgEM=
gopkg.in/yaml.v3 v3.0.0-20210107192922-496545a6307b h1:h8qDotaEPuJATrMmW04NCwg7v22aHH28wwpauUhK9Oo=
gopkg.in/yaml.v3 v3.0.0-20210107192922-496545a6307b/go.mod h1:K4uyk7z7BCEPqu6E+C64Yfv1cQ7kz7rIZviUmN+EgEM=
honnef.co/go/tools v0.0.0-20190102054323-c2f93a96b099/go.mod h1:rf3lG4BRIbNafJWhAfAdb/ePZxsR/4RtNHQocxwk9r4=
honnef.co/go/tools v0.0.0-20190523083050-ea95bdfd59fc/go.mod h1:rf3lG4BRIbNafJWhAfAdb/ePZxsR/4RtNHQocxwk9r4=
rsc.io/pdf v0.1.1/go.mod h1:n8OzWcQ6Sp37PL01nO98y4iUCRdTGarVfzxY20ICaU4=
